// !$*UTF8*$!
{
	archiveVersion = 1;
	classes = {
	};
	objectVersion = 50;
	objects = {

/* Begin PBXBuildFile section */
		B46D9E0024519156001F4AD1 /* search-terms.txt in Resources */ = {isa = PBXBuildFile; fileRef = B46D9DFF24519156001F4AD1 /* search-terms.txt */; };
		B47ECE652450DB0100E6980C /* AppDelegate.swift in Sources */ = {isa = PBXBuildFile; fileRef = B47ECE642450DB0100E6980C /* AppDelegate.swift */; };
		B47ECE672450DB0100E6980C /* SceneDelegate.swift in Sources */ = {isa = PBXBuildFile; fileRef = B47ECE662450DB0100E6980C /* SceneDelegate.swift */; };
		B47ECE692450DB0100E6980C /* HomeVC.swift in Sources */ = {isa = PBXBuildFile; fileRef = B47ECE682450DB0100E6980C /* HomeVC.swift */; };
		B47ECE6C2450DB0100E6980C /* Main.storyboard in Resources */ = {isa = PBXBuildFile; fileRef = B47ECE6A2450DB0100E6980C /* Main.storyboard */; };
		B47ECE6E2450DB0300E6980C /* Assets.xcassets in Resources */ = {isa = PBXBuildFile; fileRef = B47ECE6D2450DB0300E6980C /* Assets.xcassets */; };
		B47ECE712450DB0300E6980C /* LaunchScreen.storyboard in Resources */ = {isa = PBXBuildFile; fileRef = B47ECE6F2450DB0300E6980C /* LaunchScreen.storyboard */; };
/* End PBXBuildFile section */

/* Begin PBXFileReference section */
		B46D9DFF24519156001F4AD1 /* search-terms.txt */ = {isa = PBXFileReference; fileEncoding = 4; lastKnownFileType = text; path = "search-terms.txt"; sourceTree = "<group>"; };
		B47ECE612450DB0100E6980C /* super-heroes.app */ = {isa = PBXFileReference; explicitFileType = wrapper.application; includeInIndex = 0; path = "super-heroes.app"; sourceTree = BUILT_PRODUCTS_DIR; };
		B47ECE642450DB0100E6980C /* AppDelegate.swift */ = {isa = PBXFileReference; lastKnownFileType = sourcecode.swift; path = AppDelegate.swift; sourceTree = "<group>"; };
		B47ECE662450DB0100E6980C /* SceneDelegate.swift */ = {isa = PBXFileReference; lastKnownFileType = sourcecode.swift; path = SceneDelegate.swift; sourceTree = "<group>"; };
		B47ECE682450DB0100E6980C /* HomeVC.swift */ = {isa = PBXFileReference; lastKnownFileType = sourcecode.swift; path = HomeVC.swift; sourceTree = "<group>"; };
		B47ECE6B2450DB0100E6980C /* Base */ = {isa = PBXFileReference; lastKnownFileType = file.storyboard; name = Base; path = Base.lproj/Main.storyboard; sourceTree = "<group>"; };
		B47ECE6D2450DB0300E6980C /* Assets.xcassets */ = {isa = PBXFileReference; lastKnownFileType = folder.assetcatalog; path = Assets.xcassets; sourceTree = "<group>"; };
		B47ECE702450DB0300E6980C /* Base */ = {isa = PBXFileReference; lastKnownFileType = file.storyboard; name = Base; path = Base.lproj/LaunchScreen.storyboard; sourceTree = "<group>"; };
		B47ECE722450DB0300E6980C /* Info.plist */ = {isa = PBXFileReference; lastKnownFileType = text.plist.xml; path = Info.plist; sourceTree = "<group>"; };
/* End PBXFileReference section */

/* Begin PBXFrameworksBuildPhase section */
		B47ECE5E2450DB0100E6980C /* Frameworks */ = {
			isa = PBXFrameworksBuildPhase;
			buildActionMask = 2147483647;
			files = (
			);
			runOnlyForDeploymentPostprocessing = 0;
		};
/* End PBXFrameworksBuildPhase section */

/* Begin PBXGroup section */
		B46D9DFD2451910A001F4AD1 /* Controller */ = {
			isa = PBXGroup;
			children = (
				B47ECE682450DB0100E6980C /* HomeVC.swift */,
			);
			path = Controller;
			sourceTree = "<group>";
		};
		B47ECE582450DB0100E6980C = {
			isa = PBXGroup;
			children = (
				B47ECE632450DB0100E6980C /* super-heroes */,
				B47ECE622450DB0100E6980C /* Products */,
			);
			sourceTree = "<group>";
		};
		B47ECE622450DB0100E6980C /* Products */ = {
			isa = PBXGroup;
			children = (
				B47ECE612450DB0100E6980C /* super-heroes.app */,
			);
			name = Products;
			sourceTree = "<group>";
		};
		B47ECE632450DB0100E6980C /* super-heroes */ = {
			isa = PBXGroup;
			children = (
				B46D9DFF24519156001F4AD1 /* search-terms.txt */,
				B46D9DFD2451910A001F4AD1 /* Controller */,
				B47ECE642450DB0100E6980C /* AppDelegate.swift */,
				B47ECE662450DB0100E6980C /* SceneDelegate.swift */,
				B47ECE6A2450DB0100E6980C /* Main.storyboard */,
				B47ECE6D2450DB0300E6980C /* Assets.xcassets */,
				B47ECE6F2450DB0300E6980C /* LaunchScreen.storyboard */,
				B47ECE722450DB0300E6980C /* Info.plist */,
			);
			path = "super-heroes";
			sourceTree = "<group>";
		};
/* End PBXGroup section */

/* Begin PBXNativeTarget section */
		B47ECE602450DB0100E6980C /* super-heroes */ = {
			isa = PBXNativeTarget;
			buildConfigurationList = B47ECE752450DB0300E6980C /* Build configuration list for PBXNativeTarget "super-heroes" */;
			buildPhases = (
				B47ECE5D2450DB0100E6980C /* Sources */,
				B47ECE5E2450DB0100E6980C /* Frameworks */,
				B47ECE5F2450DB0100E6980C /* Resources */,
			);
			buildRules = (
			);
			dependencies = (
			);
			name = "super-heroes";
			productName = "super-heroes";
			productReference = B47ECE612450DB0100E6980C /* super-heroes.app */;
			productType = "com.apple.product-type.application";
		};
/* End PBXNativeTarget section */

/* Begin PBXProject section */
		B47ECE592450DB0100E6980C /* Project object */ = {
			isa = PBXProject;
			attributes = {
				LastSwiftUpdateCheck = 1130;
				LastUpgradeCheck = 1130;
				ORGANIZATIONNAME = "Aaron Johal";
				TargetAttributes = {
					B47ECE602450DB0100E6980C = {
						CreatedOnToolsVersion = 11.3;
					};
				};
			};
			buildConfigurationList = B47ECE5C2450DB0100E6980C /* Build configuration list for PBXProject "super-heroes" */;
			compatibilityVersion = "Xcode 9.3";
			developmentRegion = en;
			hasScannedForEncodings = 0;
			knownRegions = (
				en,
				Base,
			);
			mainGroup = B47ECE582450DB0100E6980C;
			productRefGroup = B47ECE622450DB0100E6980C /* Products */;
			projectDirPath = "";
			projectRoot = "";
			targets = (
				B47ECE602450DB0100E6980C /* super-heroes */,
			);
		};
/* End PBXProject section */

/* Begin PBXResourcesBuildPhase section */
		B47ECE5F2450DB0100E6980C /* Resources */ = {
			isa = PBXResourcesBuildPhase;
			buildActionMask = 2147483647;
			files = (
				B47ECE712450DB0300E6980C /* LaunchScreen.storyboard in Resources */,
				B47ECE6E2450DB0300E6980C /* Assets.xcassets in Resources */,
				B46D9E0024519156001F4AD1 /* search-terms.txt in Resources */,
				B47ECE6C2450DB0100E6980C /* Main.storyboard in Resources */,
			);
			runOnlyForDeploymentPostprocessing = 0;
		};
/* End PBXResourcesBuildPhase section */

/* Begin PBXSourcesBuildPhase section */
		B47ECE5D2450DB0100E6980C /* Sources */ = {
			isa = PBXSourcesBuildPhase;
			buildActionMask = 2147483647;
			files = (
				B47ECE692450DB0100E6980C /* HomeVC.swift in Sources */,
				B47ECE652450DB0100E6980C /* AppDelegate.swift in Sources */,
				B47ECE672450DB0100E6980C /* SceneDelegate.swift in Sources */,
			);
			runOnlyForDeploymentPostprocessing = 0;
		};
/* End PBXSourcesBuildPhase section */

/* Begin PBXVariantGroup section */
		B47ECE6A2450DB0100E6980C /* Main.storyboard */ = {
			isa = PBXVariantGroup;
			children = (
				B47ECE6B2450DB0100E6980C /* Base */,
			);
			name = Main.storyboard;
			sourceTree = "<group>";
		};
		B47ECE6F2450DB0300E6980C /* LaunchScreen.storyboard */ = {
			isa = PBXVariantGroup;
			children = (
				B47ECE702450DB0300E6980C /* Base */,
			);
			name = LaunchScreen.storyboard;
			sourceTree = "<group>";
		};
/* End PBXVariantGroup section */

/* Begin XCBuildConfiguration section */
		B47ECE732450DB0300E6980C /* Debug */ = {
			isa = XCBuildConfiguration;
			buildSettings = {
				ALWAYS_SEARCH_USER_PATHS = NO;
				CLANG_ANALYZER_NONNULL = YES;
				CLANG_ANALYZER_NUMBER_OBJECT_CONVERSION = YES_AGGRESSIVE;
				CLANG_CXX_LANGUAGE_STANDARD = "gnu++14";
				CLANG_CXX_LIBRARY = "libc++";
				CLANG_ENABLE_MODULES = YES;
				CLANG_ENABLE_OBJC_ARC = YES;
				CLANG_ENABLE_OBJC_WEAK = YES;
				CLANG_WARN_BLOCK_CAPTURE_AUTORELEASING = YES;
				CLANG_WARN_BOOL_CONVERSION = YES;
				CLANG_WARN_COMMA = YES;
				CLANG_WARN_CONSTANT_CONVERSION = YES;
				CLANG_WARN_DEPRECATED_OBJC_IMPLEMENTATIONS = YES;
				CLANG_WARN_DIRECT_OBJC_ISA_USAGE = YES_ERROR;
				CLANG_WARN_DOCUMENTATION_COMMENTS = YES;
				CLANG_WARN_EMPTY_BODY = YES;
				CLANG_WARN_ENUM_CONVERSION = YES;
				CLANG_WARN_INFINITE_RECURSION = YES;
				CLANG_WARN_INT_CONVERSION = YES;
				CLANG_WARN_NON_LITERAL_NULL_CONVERSION = YES;
				CLANG_WARN_OBJC_IMPLICIT_RETAIN_SELF = YES;
				CLANG_WARN_OBJC_LITERAL_CONVERSION = YES;
				CLANG_WARN_OBJC_ROOT_CLASS = YES_ERROR;
				CLANG_WARN_RANGE_LOOP_ANALYSIS = YES;
				CLANG_WARN_STRICT_PROTOTYPES = YES;
				CLANG_WARN_SUSPICIOUS_MOVE = YES;
				CLANG_WARN_UNGUARDED_AVAILABILITY = YES_AGGRESSIVE;
				CLANG_WARN_UNREACHABLE_CODE = YES;
				CLANG_WARN__DUPLICATE_METHOD_MATCH = YES;
				COPY_PHASE_STRIP = NO;
				DEBUG_INFORMATION_FORMAT = dwarf;
				ENABLE_STRICT_OBJC_MSGSEND = YES;
				ENABLE_TESTABILITY = YES;
				GCC_C_LANGUAGE_STANDARD = gnu11;
				GCC_DYNAMIC_NO_PIC = NO;
				GCC_NO_COMMON_BLOCKS = YES;
				GCC_OPTIMIZATION_LEVEL = 0;
				GCC_PREPROCESSOR_DEFINITIONS = (
					"DEBUG=1",
					"$(inherited)",
				);
				GCC_WARN_64_TO_32_BIT_CONVERSION = YES;
				GCC_WARN_ABOUT_RETURN_TYPE = YES_ERROR;
				GCC_WARN_UNDECLARED_SELECTOR = YES;
				GCC_WARN_UNINITIALIZED_AUTOS = YES_AGGRESSIVE;
				GCC_WARN_UNUSED_FUNCTION = YES;
				GCC_WARN_UNUSED_VARIABLE = YES;
				IPHONEOS_DEPLOYMENT_TARGET = 13.2;
				MTL_ENABLE_DEBUG_INFO = INCLUDE_SOURCE;
				MTL_FAST_MATH = YES;
				ONLY_ACTIVE_ARCH = YES;
				SDKROOT = iphoneos;
				SWIFT_ACTIVE_COMPILATION_CONDITIONS = DEBUG;
				SWIFT_OPTIMIZATION_LEVEL = "-Onone";
			};
			name = Debug;
		};
		B47ECE742450DB0300E6980C /* Release */ = {
			isa = XCBuildConfiguration;
			buildSettings = {
				ALWAYS_SEARCH_USER_PATHS = NO;
				CLANG_ANALYZER_NONNULL = YES;
				CLANG_ANALYZER_NUMBER_OBJECT_CONVERSION = YES_AGGRESSIVE;
				CLANG_CXX_LANGUAGE_STANDARD = "gnu++14";
				CLANG_CXX_LIBRARY = "libc++";
				CLANG_ENABLE_MODULES = YES;
				CLANG_ENABLE_OBJC_ARC = YES;
				CLANG_ENABLE_OBJC_WEAK = YES;
				CLANG_WARN_BLOCK_CAPTURE_AUTORELEASING = YES;
				CLANG_WARN_BOOL_CONVERSION = YES;
				CLANG_WARN_COMMA = YES;
				CLANG_WARN_CONSTANT_CONVERSION = YES;
				CLANG_WARN_DEPRECATED_OBJC_IMPLEMENTATIONS = YES;
				CLANG_WARN_DIRECT_OBJC_ISA_USAGE = YES_ERROR;
				CLANG_WARN_DOCUMENTATION_COMMENTS = YES;
				CLANG_WARN_EMPTY_BODY = YES;
				CLANG_WARN_ENUM_CONVERSION = YES;
				CLANG_WARN_INFINITE_RECURSION = YES;
				CLANG_WARN_INT_CONVERSION = YES;
				CLANG_WARN_NON_LITERAL_NULL_CONVERSION = YES;
				CLANG_WARN_OBJC_IMPLICIT_RETAIN_SELF = YES;
				CLANG_WARN_OBJC_LITERAL_CONVERSION = YES;
				CLANG_WARN_OBJC_ROOT_CLASS = YES_ERROR;
				CLANG_WARN_RANGE_LOOP_ANALYSIS = YES;
				CLANG_WARN_STRICT_PROTOTYPES = YES;
				CLANG_WARN_SUSPICIOUS_MOVE = YES;
				CLANG_WARN_UNGUARDED_AVAILABILITY = YES_AGGRESSIVE;
				CLANG_WARN_UNREACHABLE_CODE = YES;
				CLANG_WARN__DUPLICATE_METHOD_MATCH = YES;
				COPY_PHASE_STRIP = NO;
				DEBUG_INFORMATION_FORMAT = "dwarf-with-dsym";
				ENABLE_NS_ASSERTIONS = NO;
				ENABLE_STRICT_OBJC_MSGSEND = YES;
				GCC_C_LANGUAGE_STANDARD = gnu11;
				GCC_NO_COMMON_BLOCKS = YES;
				GCC_WARN_64_TO_32_BIT_CONVERSION = YES;
				GCC_WARN_ABOUT_RETURN_TYPE = YES_ERROR;
				GCC_WARN_UNDECLARED_SELECTOR = YES;
				GCC_WARN_UNINITIALIZED_AUTOS = YES_AGGRESSIVE;
				GCC_WARN_UNUSED_FUNCTION = YES;
				GCC_WARN_UNUSED_VARIABLE = YES;
				IPHONEOS_DEPLOYMENT_TARGET = 13.2;
				MTL_ENABLE_DEBUG_INFO = NO;
				MTL_FAST_MATH = YES;
				SDKROOT = iphoneos;
				SWIFT_COMPILATION_MODE = wholemodule;
				SWIFT_OPTIMIZATION_LEVEL = "-O";
				VALIDATE_PRODUCT = YES;
			};
			name = Release;
		};
		B47ECE762450DB0300E6980C /* Debug */ = {
			isa = XCBuildConfiguration;
			buildSettings = {
				ASSETCATALOG_COMPILER_APPICON_NAME = AppIcon;
				CODE_SIGN_STYLE = Automatic;
				DEVELOPMENT_TEAM = DGXU624J9L;
				INFOPLIST_FILE = "super-heroes/Info.plist";
				LD_RUNPATH_SEARCH_PATHS = (
					"$(inherited)",
					"@executable_path/Frameworks",
				);
				PRODUCT_BUNDLE_IDENTIFIER = "Aaron-Johal.super-heroes";
				PRODUCT_NAME = "$(TARGET_NAME)";
				SWIFT_VERSION = 5.0;
				TARGETED_DEVICE_FAMILY = "1,2";
			};
			name = Debug;
		};
		B47ECE772450DB0300E6980C /* Release */ = {
			isa = XCBuildConfiguration;
			buildSettings = {
				ASSETCATALOG_COMPILER_APPICON_NAME = AppIcon;
				CODE_SIGN_STYLE = Automatic;
				DEVELOPMENT_TEAM = DGXU624J9L;
				INFOPLIST_FILE = "super-heroes/Info.plist";
				LD_RUNPATH_SEARCH_PATHS = (
					"$(inherited)",
					"@executable_path/Frameworks",
				);
				PRODUCT_BUNDLE_IDENTIFIER = "Aaron-Johal.super-heroes";
				PRODUCT_NAME = "$(TARGET_NAME)";
				SWIFT_VERSION = 5.0;
				TARGETED_DEVICE_FAMILY = "1,2";
			};
			name = Release;
		};
/* End XCBuildConfiguration section */

/* Begin XCConfigurationList section */
		B47ECE5C2450DB0100E6980C /* Build configuration list for PBXProject "super-heroes" */ = {
			isa = XCConfigurationList;
			buildConfigurations = (
				B47ECE732450DB0300E6980C /* Debug */,
				B47ECE742450DB0300E6980C /* Release */,
			);
			defaultConfigurationIsVisible = 0;
			defaultConfigurationName = Release;
		};
		B47ECE752450DB0300E6980C /* Build configuration list for PBXNativeTarget "super-heroes" */ = {
			isa = XCConfigurationList;
			buildConfigurations = (
				B47ECE762450DB0300E6980C /* Debug */,
				B47ECE772450DB0300E6980C /* Release */,
			);
			defaultConfigurationIsVisible = 0;
			defaultConfigurationName = Release;
		};
/* End XCConfigurationList section */
	};
	rootObject = B47ECE592450DB0100E6980C /* Project object */;
}
